
Microsoft Visual Studio Solution File, Format Version 12.00
# Visual Studio Version 17
VisualStudioVersion = 17.5.002.0
MinimumVisualStudioVersion = 10.0.40219.1
Project("{9A19103F-16F7-4668-BE54-9A1E7A4F7556}") = "backend", "backend.csproj", "{A377CCCF-11BC-4857-9DC1-CA132DFBDB42}"
EndProject
Global
	GlobalSection(SolutionConfigurationPlatforms) = preSolution
		Debug|Any CPU = Debug|Any CPU
		Release|Any CPU = Release|Any CPU
	EndGlobalSection
	GlobalSection(ProjectConfigurationPlatforms) = postSolution
		{A377CCCF-11BC-4857-9DC1-CA132DFBDB42}.Debug|Any CPU.ActiveCfg = Debug|Any CPU
		{A377CCCF-11BC-4857-9DC1-CA132DFBDB42}.Debug|Any CPU.Build.0 = Debug|Any CPU
		{A377CCCF-11BC-4857-9DC1-CA132DFBDB42}.Release|Any CPU.ActiveCfg = Release|Any CPU
		{A377CCCF-11BC-4857-9DC1-CA132DFBDB42}.Release|Any CPU.Build.0 = Release|Any CPU
	EndGlobalSection
	GlobalSection(SolutionProperties) = preSolution
		HideSolutionNode = FALSE
	EndGlobalSection
	GlobalSection(ExtensibilityGlobals) = postSolution
		SolutionGuid = {8E2103AB-4DE1-4351-80B1-E7BB04DC6451}
	EndGlobalSection
EndGlobal
